
Microsoft Visual Studio Solution File, Format Version 12.00
# Visual Studio Version 17
VisualStudioVersion = 17.8.34525.116
MinimumVisualStudioVersion = 10.0.40219.1
Project("{FAE04EC0-301F-11D3-BF4B-00C04F79EFBC}") = "FCamara.CommissionCalculator", "FCamara.CommissionCalculator.csproj", "{E494BE1F-D402-4C9C-B0D4-5F99249377CC}"
EndProject
Global
	GlobalSection(SolutionConfigurationPlatforms) = preSolution
		Debug|Any CPU = Debug|Any CPU
		Release|Any CPU = Release|Any CPU
	EndGlobalSection
	GlobalSection(ProjectConfigurationPlatforms) = postSolution
		{E494BE1F-D402-4C9C-B0D4-5F99249377CC}.Debug|Any CPU.ActiveCfg = Debug|Any CPU
		{E494BE1F-D402-4C9C-B0D4-5F99249377CC}.Debug|Any CPU.Build.0 = Debug|Any CPU
		{E494BE1F-D402-4C9C-B0D4-5F99249377CC}.Release|Any CPU.ActiveCfg = Release|Any CPU
		{E494BE1F-D402-4C9C-B0D4-5F99249377CC}.Release|Any CPU.Build.0 = Release|Any CPU
	EndGlobalSection
	GlobalSection(SolutionProperties) = preSolution
		HideSolutionNode = FALSE
	EndGlobalSection
	GlobalSection(ExtensibilityGlobals) = postSolution
		SolutionGuid = {56F4E882-2F59-4F44-A586-4AA337BB64CC}
	EndGlobalSection
EndGlobal
